
Microsoft Visual Studio Solution File, Format Version 12.00
# Visual Studio 15
VisualStudioVersion = 15.0.27428.2005
MinimumVisualStudioVersion = 10.0.40219.1
Project("{FAE04EC0-301F-11D3-BF4B-00C04F79EFBC}") = "Erudyte.CMS", "ERUDYTE.CMS\Erudyte.CMS.csproj", "{A02009A7-7333-4883-A8C6-DF494C38139E}"
EndProject
Project("{FAE04EC0-301F-11D3-BF4B-00C04F79EFBC}") = "Erudyte.ApplicationCore", "ApplicationCore\Erudyte.ApplicationCore.csproj", "{BA987408-B56E-4CC5-915C-78B0F2FA929A}"
EndProject
Project("{FAE04EC0-301F-11D3-BF4B-00C04F79EFBC}") = "Erudyte.Infrastructure", "Infrastructure\Erudyte.Infrastructure.csproj", "{CC135836-93EC-4AE9-9752-849F7CBFD7BC}"
EndProject
Project("{2150E333-8FDC-42A3-9474-1A3956D46DE8}") = "docs", "docs", "{983F6B75-0C7B-4F7C-A0E1-E6D0FAFAC036}"
EndProject
Project("{2150E333-8FDC-42A3-9474-1A3956D46DE8}") = "tests", "tests", "{473AC0B4-3EBC-495B-8E9A-EE3AE81B3C55}"
EndProject
Global
	GlobalSection(SolutionConfigurationPlatforms) = preSolution
		Debug|Any CPU = Debug|Any CPU
		Release|Any CPU = Release|Any CPU
	EndGlobalSection
	GlobalSection(ProjectConfigurationPlatforms) = postSolution
		{A02009A7-7333-4883-A8C6-DF494C38139E}.Debug|Any CPU.ActiveCfg = Debug|Any CPU
		{A02009A7-7333-4883-A8C6-DF494C38139E}.Debug|Any CPU.Build.0 = Debug|Any CPU
		{A02009A7-7333-4883-A8C6-DF494C38139E}.Release|Any CPU.ActiveCfg = Release|Any CPU
		{A02009A7-7333-4883-A8C6-DF494C38139E}.Release|Any CPU.Build.0 = Release|Any CPU
		{BA987408-B56E-4CC5-915C-78B0F2FA929A}.Debug|Any CPU.ActiveCfg = Debug|Any CPU
		{BA987408-B56E-4CC5-915C-78B0F2FA929A}.Debug|Any CPU.Build.0 = Debug|Any CPU
		{BA987408-B56E-4CC5-915C-78B0F2FA929A}.Release|Any CPU.ActiveCfg = Release|Any CPU
		{BA987408-B56E-4CC5-915C-78B0F2FA929A}.Release|Any CPU.Build.0 = Release|Any CPU
		{CC135836-93EC-4AE9-9752-849F7CBFD7BC}.Debug|Any CPU.ActiveCfg = Debug|Any CPU
		{CC135836-93EC-4AE9-9752-849F7CBFD7BC}.Debug|Any CPU.Build.0 = Debug|Any CPU
		{CC135836-93EC-4AE9-9752-849F7CBFD7BC}.Release|Any CPU.ActiveCfg = Release|Any CPU
		{CC135836-93EC-4AE9-9752-849F7CBFD7BC}.Release|Any CPU.Build.0 = Release|Any CPU
	EndGlobalSection
	GlobalSection(SolutionProperties) = preSolution
		HideSolutionNode = FALSE
	EndGlobalSection
	GlobalSection(ExtensibilityGlobals) = postSolution
		SolutionGuid = {F7C976BF-2E48-4FCC-AE69-123B583AB12E}
	EndGlobalSection
EndGlobal
